
Microsoft Visual Studio Solution File, Format Version 12.00
# Visual Studio Version 17
VisualStudioVersion = 17.12.35527.113
MinimumVisualStudioVersion = 10.0.40219.1
Project("{FAE04EC0-301F-11D3-BF4B-00C04F79EFBC}") = "UserSvc", "UserSvc\UserSvc.csproj", "{EB405C12-ECCD-4946-8378-25C9B470C4B9}"
EndProject
Project("{FAE04EC0-301F-11D3-BF4B-00C04F79EFBC}") = "UserSvcIntTests", "UserSvcIntTests\UserSvcIntTests.csproj", "{1EC0B732-682A-49C6-A7BE-349DC1F6EA81}"
EndProject
Global
	GlobalSection(SolutionConfigurationPlatforms) = preSolution
		Debug|Any CPU = Debug|Any CPU
		Release|Any CPU = Release|Any CPU
	EndGlobalSection
	GlobalSection(ProjectConfigurationPlatforms) = postSolution
		{EB405C12-ECCD-4946-8378-25C9B470C4B9}.Debug|Any CPU.ActiveCfg = Debug|Any CPU
		{EB405C12-ECCD-4946-8378-25C9B470C4B9}.Debug|Any CPU.Build.0 = Debug|Any CPU
		{EB405C12-ECCD-4946-8378-25C9B470C4B9}.Release|Any CPU.ActiveCfg = Release|Any CPU
		{EB405C12-ECCD-4946-8378-25C9B470C4B9}.Release|Any CPU.Build.0 = Release|Any CPU
		{1EC0B732-682A-49C6-A7BE-349DC1F6EA81}.Debug|Any CPU.ActiveCfg = Debug|Any CPU
		{1EC0B732-682A-49C6-A7BE-349DC1F6EA81}.Debug|Any CPU.Build.0 = Debug|Any CPU
		{1EC0B732-682A-49C6-A7BE-349DC1F6EA81}.Release|Any CPU.ActiveCfg = Release|Any CPU
		{1EC0B732-682A-49C6-A7BE-349DC1F6EA81}.Release|Any CPU.Build.0 = Release|Any CPU
	EndGlobalSection
	GlobalSection(SolutionProperties) = preSolution
		HideSolutionNode = FALSE
	EndGlobalSection
EndGlobal
